
Microsoft Visual Studio Solution File, Format Version 12.00
# Visual Studio Version 17
VisualStudioVersion = 17.7.34202.233
MinimumVisualStudioVersion = 10.0.40219.1
Project("{FAE04EC0-301F-11D3-BF4B-00C04F79EFBC}") = "Classes", "Classes\Classes.csproj", "{C9CB3296-7ECD-4579-A7DB-788A0671C16E}"
EndProject
Project("{FAE04EC0-301F-11D3-BF4B-00C04F79EFBC}") = "RecopDemo1", "RecopDemo1\RecopDemo1.csproj", "{928FE8B7-0FF9-45CA-BE6D-508B8771D1F1}"
EndProject
Project("{FAE04EC0-301F-11D3-BF4B-00C04F79EFBC}") = "Interfaces", "Interfaces\Interfaces.csproj", "{B80478DB-5DAC-49B6-A3D4-E7C6ED0C9AA7}"
EndProject
Project("{FAE04EC0-301F-11D3-BF4B-00C04F79EFBC}") = "InterfacesDemo", "InterfacesDemo\InterfacesDemo.csproj", "{B404101B-DB93-448D-B45E-6FDDF68C5BC8}"
EndProject
Project("{FAE04EC0-301F-11D3-BF4B-00C04F79EFBC}") = "Inheritance", "Inheritance\Inheritance.csproj", "{21D25AE1-E0B0-49DF-96E5-10053DAC78A8}"
EndProject
Global
	GlobalSection(SolutionConfigurationPlatforms) = preSolution
		Debug|Any CPU = Debug|Any CPU
		Release|Any CPU = Release|Any CPU
	EndGlobalSection
	GlobalSection(ProjectConfigurationPlatforms) = postSolution
		{C9CB3296-7ECD-4579-A7DB-788A0671C16E}.Debug|Any CPU.ActiveCfg = Debug|Any CPU
		{C9CB3296-7ECD-4579-A7DB-788A0671C16E}.Debug|Any CPU.Build.0 = Debug|Any CPU
		{C9CB3296-7ECD-4579-A7DB-788A0671C16E}.Release|Any CPU.ActiveCfg = Release|Any CPU
		{C9CB3296-7ECD-4579-A7DB-788A0671C16E}.Release|Any CPU.Build.0 = Release|Any CPU
		{928FE8B7-0FF9-45CA-BE6D-508B8771D1F1}.Debug|Any CPU.ActiveCfg = Debug|Any CPU
		{928FE8B7-0FF9-45CA-BE6D-508B8771D1F1}.Debug|Any CPU.Build.0 = Debug|Any CPU
		{928FE8B7-0FF9-45CA-BE6D-508B8771D1F1}.Release|Any CPU.ActiveCfg = Release|Any CPU
		{928FE8B7-0FF9-45CA-BE6D-508B8771D1F1}.Release|Any CPU.Build.0 = Release|Any CPU
		{B80478DB-5DAC-49B6-A3D4-E7C6ED0C9AA7}.Debug|Any CPU.ActiveCfg = Debug|Any CPU
		{B80478DB-5DAC-49B6-A3D4-E7C6ED0C9AA7}.Debug|Any CPU.Build.0 = Debug|Any CPU
		{B80478DB-5DAC-49B6-A3D4-E7C6ED0C9AA7}.Release|Any CPU.ActiveCfg = Release|Any CPU
		{B80478DB-5DAC-49B6-A3D4-E7C6ED0C9AA7}.Release|Any CPU.Build.0 = Release|Any CPU
		{B404101B-DB93-448D-B45E-6FDDF68C5BC8}.Debug|Any CPU.ActiveCfg = Debug|Any CPU
		{B404101B-DB93-448D-B45E-6FDDF68C5BC8}.Debug|Any CPU.Build.0 = Debug|Any CPU
		{B404101B-DB93-448D-B45E-6FDDF68C5BC8}.Release|Any CPU.ActiveCfg = Release|Any CPU
		{B404101B-DB93-448D-B45E-6FDDF68C5BC8}.Release|Any CPU.Build.0 = Release|Any CPU
		{21D25AE1-E0B0-49DF-96E5-10053DAC78A8}.Debug|Any CPU.ActiveCfg = Debug|Any CPU
		{21D25AE1-E0B0-49DF-96E5-10053DAC78A8}.Debug|Any CPU.Build.0 = Debug|Any CPU
		{21D25AE1-E0B0-49DF-96E5-10053DAC78A8}.Release|Any CPU.ActiveCfg = Release|Any CPU
		{21D25AE1-E0B0-49DF-96E5-10053DAC78A8}.Release|Any CPU.Build.0 = Release|Any CPU
	EndGlobalSection
	GlobalSection(SolutionProperties) = preSolution
		HideSolutionNode = FALSE
	EndGlobalSection
	GlobalSection(ExtensibilityGlobals) = postSolution
		SolutionGuid = {5454E323-48F8-455A-AF8E-67165294792F}
	EndGlobalSection
EndGlobal
